
Microsoft Visual Studio Solution File, Format Version 12.00
# Visual Studio Version 17
VisualStudioVersion = 17.14.36414.22
MinimumVisualStudioVersion = 10.0.40219.1
Project("{FAE04EC0-301F-11D3-BF4B-00C04F79EFBC}") = "Engine.API", "Engine.API\Engine.API.csproj", "{D14AB4E4-80BC-4F6C-A112-E05ABD32D9F2}"
EndProject
Global
	GlobalSection(SolutionConfigurationPlatforms) = preSolution
		Debug|Any CPU = Debug|Any CPU
		Debug|x64 = Debug|x64
		Release|Any CPU = Release|Any CPU
		Release|x64 = Release|x64
	EndGlobalSection
	GlobalSection(ProjectConfigurationPlatforms) = postSolution
		{D14AB4E4-80BC-4F6C-A112-E05ABD32D9F2}.Debug|Any CPU.ActiveCfg = Debug|Any CPU
		{D14AB4E4-80BC-4F6C-A112-E05ABD32D9F2}.Debug|Any CPU.Build.0 = Debug|Any CPU
		{D14AB4E4-80BC-4F6C-A112-E05ABD32D9F2}.Debug|x64.ActiveCfg = Debug|x64
		{D14AB4E4-80BC-4F6C-A112-E05ABD32D9F2}.Debug|x64.Build.0 = Debug|x64
		{D14AB4E4-80BC-4F6C-A112-E05ABD32D9F2}.Release|Any CPU.ActiveCfg = Release|Any CPU
		{D14AB4E4-80BC-4F6C-A112-E05ABD32D9F2}.Release|Any CPU.Build.0 = Release|Any CPU
		{D14AB4E4-80BC-4F6C-A112-E05ABD32D9F2}.Release|x64.ActiveCfg = Release|x64
		{D14AB4E4-80BC-4F6C-A112-E05ABD32D9F2}.Release|x64.Build.0 = Release|x64
	EndGlobalSection
	GlobalSection(SolutionProperties) = preSolution
		HideSolutionNode = FALSE
	EndGlobalSection
	GlobalSection(ExtensibilityGlobals) = postSolution
		SolutionGuid = {23369DAB-4DC5-4B50-8C15-3D3D6FC1505D}
	EndGlobalSection
EndGlobal
